
Microsoft Visual Studio Solution File, Format Version 12.00
# Visual Studio 15
VisualStudioVersion = 15.0.28307.2092
MinimumVisualStudioVersion = 10.0.40219.1
Project("{FAE04EC0-301F-11D3-BF4B-00C04F79EFBC}") = "Personel", "Personel.csproj", "{1BB55C5D-D935-4CB3-9EB3-19804301407C}"
EndProject
Global
	GlobalSection(SolutionConfigurationPlatforms) = preSolution
		Debug|Any CPU = Debug|Any CPU
		Release|Any CPU = Release|Any CPU
	EndGlobalSection
	GlobalSection(ProjectConfigurationPlatforms) = postSolution
		{1BB55C5D-D935-4CB3-9EB3-19804301407C}.Debug|Any CPU.ActiveCfg = Debug|Any CPU
		{1BB55C5D-D935-4CB3-9EB3-19804301407C}.Debug|Any CPU.Build.0 = Debug|Any CPU
		{1BB55C5D-D935-4CB3-9EB3-19804301407C}.Release|Any CPU.ActiveCfg = Release|Any CPU
		{1BB55C5D-D935-4CB3-9EB3-19804301407C}.Release|Any CPU.Build.0 = Release|Any CPU
	EndGlobalSection
	GlobalSection(SolutionProperties) = preSolution
		HideSolutionNode = FALSE
	EndGlobalSection
	GlobalSection(ExtensibilityGlobals) = postSolution
		SolutionGuid = {A3B0814B-62B8-4D8B-946E-0FC565F73409}
	EndGlobalSection
EndGlobal
